
Microsoft Visual Studio Solution File, Format Version 12.00
# Visual Studio Version 16
VisualStudioVersion = 16.0.33927.289
MinimumVisualStudioVersion = 10.0.40219.1
Project("{8BC9CEB8-8B4A-11D0-8D11-00A0C91BC942}") = "Constructor", "Constructor\Constructor.vcxproj", "{1F77E963-AEDE-4265-AD27-3955601F5970}"
EndProject
Project("{8BC9CEB8-8B4A-11D0-8D11-00A0C91BC942}") = "Constructor 2", "Constructor 2\Constructor 2.vcxproj", "{742DE634-3589-42E3-A64E-6B3FCC917D68}"
EndProject
Project("{8BC9CEB8-8B4A-11D0-8D11-00A0C91BC942}") = "Constructor's member initializer list", "Constructor's member initializer list\Constructor's member initializer list.vcxproj", "{814DF3DA-56D7-4140-ABA4-92FD4197D2C0}"
EndProject
Project("{8BC9CEB8-8B4A-11D0-8D11-00A0C91BC942}") = "Copy Constructor", "Copy Constructor\Copy Constructor.vcxproj", "{1D7BF310-B232-41E4-BED3-8C6F14758C09}"
EndProject
Project("{8BC9CEB8-8B4A-11D0-8D11-00A0C91BC942}") = "Copy Constructor 2", "Copy Constructor 2\Copy Constructor 2.vcxproj", "{1C522406-2736-4F2E-8C68-2CE73B8E3A58}"
EndProject
Project("{8BC9CEB8-8B4A-11D0-8D11-00A0C91BC942}") = "Copy Constructor 3", "Copy Constructor 3\Copy Constructor 3.vcxproj", "{AC6C5BB1-0292-4714-9DE0-6E5CF858A94C}"
EndProject
Project("{8BC9CEB8-8B4A-11D0-8D11-00A0C91BC942}") = "Copy Constructor 4", "Copy Constructor 4\Copy Constructor 4.vcxproj", "{5153B65B-434C-440F-A572-1A8CF5D8E69A}"
EndProject
Project("{8BC9CEB8-8B4A-11D0-8D11-00A0C91BC942}") = "Copy Constructor 5", "Copy Constructor 5\Copy Constructor 5.vcxproj", "{726C30CB-3F87-42A5-866C-D5D993AD698D}"
EndProject
Project("{8BC9CEB8-8B4A-11D0-8D11-00A0C91BC942}") = "Copy Constructor 6", "Copy Constructor 6\Copy Constructor 6.vcxproj", "{5829E1AC-629F-4EAC-99AE-6521EEE5CE21}"
EndProject
Project("{8BC9CEB8-8B4A-11D0-8D11-00A0C91BC942}") = "Copy Constructor 7", "Copy Constructor 7\Copy Constructor 7.vcxproj", "{A4C16726-9C7B-4651-8316-4A1710B1D61D}"
EndProject
Project("{8BC9CEB8-8B4A-11D0-8D11-00A0C91BC942}") = "Copy Constructor 8", "Copy Constructor 8\Copy Constructor 8.vcxproj", "{E6DA1788-3705-4E28-A53A-484961FEF2FA}"
EndProject
Global
	GlobalSection(SolutionConfigurationPlatforms) = preSolution
		Debug|x64 = Debug|x64
		Debug|x86 = Debug|x86
		Release|x64 = Release|x64
		Release|x86 = Release|x86
	EndGlobalSection
	GlobalSection(ProjectConfigurationPlatforms) = postSolution
		{1F77E963-AEDE-4265-AD27-3955601F5970}.Debug|x64.ActiveCfg = Debug|x64
		{1F77E963-AEDE-4265-AD27-3955601F5970}.Debug|x64.Build.0 = Debug|x64
		{1F77E963-AEDE-4265-AD27-3955601F5970}.Debug|x86.ActiveCfg = Debug|Win32
		{1F77E963-AEDE-4265-AD27-3955601F5970}.Debug|x86.Build.0 = Debug|Win32
		{1F77E963-AEDE-4265-AD27-3955601F5970}.Release|x64.ActiveCfg = Release|x64
		{1F77E963-AEDE-4265-AD27-3955601F5970}.Release|x64.Build.0 = Release|x64
		{1F77E963-AEDE-4265-AD27-3955601F5970}.Release|x86.ActiveCfg = Release|Win32
		{1F77E963-AEDE-4265-AD27-3955601F5970}.Release|x86.Build.0 = Release|Win32
		{742DE634-3589-42E3-A64E-6B3FCC917D68}.Debug|x64.ActiveCfg = Debug|x64
		{742DE634-3589-42E3-A64E-6B3FCC917D68}.Debug|x64.Build.0 = Debug|x64
		{742DE634-3589-42E3-A64E-6B3FCC917D68}.Debug|x86.ActiveCfg = Debug|Win32
		{742DE634-3589-42E3-A64E-6B3FCC917D68}.Debug|x86.Build.0 = Debug|Win32
		{742DE634-3589-42E3-A64E-6B3FCC917D68}.Release|x64.ActiveCfg = Release|x64
		{742DE634-3589-42E3-A64E-6B3FCC917D68}.Release|x64.Build.0 = Release|x64
		{742DE634-3589-42E3-A64E-6B3FCC917D68}.Release|x86.ActiveCfg = Release|Win32
		{742DE634-3589-42E3-A64E-6B3FCC917D68}.Release|x86.Build.0 = Release|Win32
		{814DF3DA-56D7-4140-ABA4-92FD4197D2C0}.Debug|x64.ActiveCfg = Debug|x64
		{814DF3DA-56D7-4140-ABA4-92FD4197D2C0}.Debug|x64.Build.0 = Debug|x64
		{814DF3DA-56D7-4140-ABA4-92FD4197D2C0}.Debug|x86.ActiveCfg = Debug|Win32
		{814DF3DA-56D7-4140-ABA4-92FD4197D2C0}.Debug|x86.Build.0 = Debug|Win32
		{814DF3DA-56D7-4140-ABA4-92FD4197D2C0}.Release|x64.ActiveCfg = Release|x64
		{814DF3DA-56D7-4140-ABA4-92FD4197D2C0}.Release|x64.Build.0 = Release|x64
		{814DF3DA-56D7-4140-ABA4-92FD4197D2C0}.Release|x86.ActiveCfg = Release|Win32
		{814DF3DA-56D7-4140-ABA4-92FD4197D2C0}.Release|x86.Build.0 = Release|Win32
		{1D7BF310-B232-41E4-BED3-8C6F14758C09}.Debug|x64.ActiveCfg = Debug|x64
		{1D7BF310-B232-41E4-BED3-8C6F14758C09}.Debug|x64.Build.0 = Debug|x64
		{1D7BF310-B232-41E4-BED3-8C6F14758C09}.Debug|x86.ActiveCfg = Debug|Win32
		{1D7BF310-B232-41E4-BED3-8C6F14758C09}.Debug|x86.Build.0 = Debug|Win32
		{1D7BF310-B232-41E4-BED3-8C6F14758C09}.Release|x64.ActiveCfg = Release|x64
		{1D7BF310-B232-41E4-BED3-8C6F14758C09}.Release|x64.Build.0 = Release|x64
		{1D7BF310-B232-41E4-BED3-8C6F14758C09}.Release|x86.ActiveCfg = Release|Win32
		{1D7BF310-B232-41E4-BED3-8C6F14758C09}.Release|x86.Build.0 = Release|Win32
		{1C522406-2736-4F2E-8C68-2CE73B8E3A58}.Debug|x64.ActiveCfg = Debug|x64
		{1C522406-2736-4F2E-8C68-2CE73B8E3A58}.Debug|x64.Build.0 = Debug|x64
		{1C522406-2736-4F2E-8C68-2CE73B8E3A58}.Debug|x86.ActiveCfg = Debug|Win32
		{1C522406-2736-4F2E-8C68-2CE73B8E3A58}.Debug|x86.Build.0 = Debug|Win32
		{1C522406-2736-4F2E-8C68-2CE73B8E3A58}.Release|x64.ActiveCfg = Release|x64
		{1C522406-2736-4F2E-8C68-2CE73B8E3A58}.Release|x64.Build.0 = Release|x64
		{1C522406-2736-4F2E-8C68-2CE73B8E3A58}.Release|x86.ActiveCfg = Release|Win32
		{1C522406-2736-4F2E-8C68-2CE73B8E3A58}.Release|x86.Build.0 = Release|Win32
		{AC6C5BB1-0292-4714-9DE0-6E5CF858A94C}.Debug|x64.ActiveCfg = Debug|x64
		{AC6C5BB1-0292-4714-9DE0-6E5CF858A94C}.Debug|x64.Build.0 = Debug|x64
		{AC6C5BB1-0292-4714-9DE0-6E5CF858A94C}.Debug|x86.ActiveCfg = Debug|Win32
		{AC6C5BB1-0292-4714-9DE0-6E5CF858A94C}.Debug|x86.Build.0 = Debug|Win32
		{AC6C5BB1-0292-4714-9DE0-6E5CF858A94C}.Release|x64.ActiveCfg = Release|x64
		{AC6C5BB1-0292-4714-9DE0-6E5CF858A94C}.Release|x64.Build.0 = Release|x64
		{AC6C5BB1-0292-4714-9DE0-6E5CF858A94C}.Release|x86.ActiveCfg = Release|Win32
		{AC6C5BB1-0292-4714-9DE0-6E5CF858A94C}.Release|x86.Build.0 = Release|Win32
		{5153B65B-434C-440F-A572-1A8CF5D8E69A}.Debug|x64.ActiveCfg = Debug|x64
		{5153B65B-434C-440F-A572-1A8CF5D8E69A}.Debug|x64.Build.0 = Debug|x64
		{5153B65B-434C-440F-A572-1A8CF5D8E69A}.Debug|x86.ActiveCfg = Debug|Win32
		{5153B65B-434C-440F-A572-1A8CF5D8E69A}.Debug|x86.Build.0 = Debug|Win32
		{5153B65B-434C-440F-A572-1A8CF5D8E69A}.Release|x64.ActiveCfg = Release|x64
		{5153B65B-434C-440F-A572-1A8CF5D8E69A}.Release|x64.Build.0 = Release|x64
		{5153B65B-434C-440F-A572-1A8CF5D8E69A}.Release|x86.ActiveCfg = Release|Win32
		{5153B65B-434C-440F-A572-1A8CF5D8E69A}.Release|x86.Build.0 = Release|Win32
		{726C30CB-3F87-42A5-866C-D5D993AD698D}.Debug|x64.ActiveCfg = Debug|x64
		{726C30CB-3F87-42A5-866C-D5D993AD698D}.Debug|x64.Build.0 = Debug|x64
		{726C30CB-3F87-42A5-866C-D5D993AD698D}.Debug|x86.ActiveCfg = Debug|Win32
		{726C30CB-3F87-42A5-866C-D5D993AD698D}.Debug|x86.Build.0 = Debug|Win32
		{726C30CB-3F87-42A5-866C-D5D993AD698D}.Release|x64.ActiveCfg = Release|x64
		{726C30CB-3F87-42A5-866C-D5D993AD698D}.Release|x64.Build.0 = Release|x64
		{726C30CB-3F87-42A5-866C-D5D993AD698D}.Release|x86.ActiveCfg = Release|Win32
		{726C30CB-3F87-42A5-866C-D5D993AD698D}.Release|x86.Build.0 = Release|Win32
		{5829E1AC-629F-4EAC-99AE-6521EEE5CE21}.Debug|x64.ActiveCfg = Debug|x64
		{5829E1AC-629F-4EAC-99AE-6521EEE5CE21}.Debug|x64.Build.0 = Debug|x64
		{5829E1AC-629F-4EAC-99AE-6521EEE5CE21}.Debug|x86.ActiveCfg = Debug|Win32
		{5829E1AC-629F-4EAC-99AE-6521EEE5CE21}.Debug|x86.Build.0 = Debug|Win32
		{5829E1AC-629F-4EAC-99AE-6521EEE5CE21}.Release|x64.ActiveCfg = Release|x64
		{5829E1AC-629F-4EAC-99AE-6521EEE5CE21}.Release|x64.Build.0 = Release|x64
		{5829E1AC-629F-4EAC-99AE-6521EEE5CE21}.Release|x86.ActiveCfg = Release|Win32
		{5829E1AC-629F-4EAC-99AE-6521EEE5CE21}.Release|x86.Build.0 = Release|Win32
		{A4C16726-9C7B-4651-8316-4A1710B1D61D}.Debug|x64.ActiveCfg = Debug|x64
		{A4C16726-9C7B-4651-8316-4A1710B1D61D}.Debug|x64.Build.0 = Debug|x64
		{A4C16726-9C7B-4651-8316-4A1710B1D61D}.Debug|x86.ActiveCfg = Debug|Win32
		{A4C16726-9C7B-4651-8316-4A1710B1D61D}.Debug|x86.Build.0 = Debug|Win32
		{A4C16726-9C7B-4651-8316-4A1710B1D61D}.Release|x64.ActiveCfg = Release|x64
		{A4C16726-9C7B-4651-8316-4A1710B1D61D}.Release|x64.Build.0 = Release|x64
		{A4C16726-9C7B-4651-8316-4A1710B1D61D}.Release|x86.ActiveCfg = Release|Win32
		{A4C16726-9C7B-4651-8316-4A1710B1D61D}.Release|x86.Build.0 = Release|Win32
		{E6DA1788-3705-4E28-A53A-484961FEF2FA}.Debug|x64.ActiveCfg = Debug|x64
		{E6DA1788-3705-4E28-A53A-484961FEF2FA}.Debug|x64.Build.0 = Debug|x64
		{E6DA1788-3705-4E28-A53A-484961FEF2FA}.Debug|x86.ActiveCfg = Debug|Win32
		{E6DA1788-3705-4E28-A53A-484961FEF2FA}.Debug|x86.Build.0 = Debug|Win32
		{E6DA1788-3705-4E28-A53A-484961FEF2FA}.Release|x64.ActiveCfg = Release|x64
		{E6DA1788-3705-4E28-A53A-484961FEF2FA}.Release|x64.Build.0 = Release|x64
		{E6DA1788-3705-4E28-A53A-484961FEF2FA}.Release|x86.ActiveCfg = Release|Win32
		{E6DA1788-3705-4E28-A53A-484961FEF2FA}.Release|x86.Build.0 = Release|Win32
	EndGlobalSection
	GlobalSection(SolutionProperties) = preSolution
		HideSolutionNode = FALSE
	EndGlobalSection
	GlobalSection(ExtensibilityGlobals) = postSolution
		SolutionGuid = {DDB9E235-FA03-4F2D-880E-33CB259538F6}
	EndGlobalSection
EndGlobal
